
Microsoft Visual Studio Solution File, Format Version 12.00
# Visual Studio Version 17
VisualStudioVersion = 17.6.33829.357
MinimumVisualStudioVersion = 10.0.40219.1
Project("{FAE04EC0-301F-11D3-BF4B-00C04F79EFBC}") = "Spy Sploit", "Spy Sploit\Spy Sploit.csproj", "{EE800881-B32C-4786-8C3B-56CFEEE76B09}"
EndProject
Global
	GlobalSection(SolutionConfigurationPlatforms) = preSolution
		Debug|Any CPU = Debug|Any CPU
		Release|Any CPU = Release|Any CPU
	EndGlobalSection
	GlobalSection(ProjectConfigurationPlatforms) = postSolution
		{EE800881-B32C-4786-8C3B-56CFEEE76B09}.Debug|Any CPU.ActiveCfg = Debug|Any CPU
		{EE800881-B32C-4786-8C3B-56CFEEE76B09}.Debug|Any CPU.Build.0 = Debug|Any CPU
		{EE800881-B32C-4786-8C3B-56CFEEE76B09}.Release|Any CPU.ActiveCfg = Release|Any CPU
		{EE800881-B32C-4786-8C3B-56CFEEE76B09}.Release|Any CPU.Build.0 = Release|Any CPU
	EndGlobalSection
	GlobalSection(SolutionProperties) = preSolution
		HideSolutionNode = FALSE
	EndGlobalSection
	GlobalSection(ExtensibilityGlobals) = postSolution
		SolutionGuid = {F454E410-71AD-4B02-8DF9-70F677BB9040}
	EndGlobalSection
EndGlobal
